
Microsoft Visual Studio Solution File, Format Version 12.00
# Visual Studio 14
VisualStudioVersion = 14.0.25123.0
MinimumVisualStudioVersion = 10.0.40219.1
Project("{FAE04EC0-301F-11D3-BF4B-00C04F79EFBC}") = "DPTest", "DPTest\DPTest.csproj", "{4962CF68-9841-4375-816A-02D8EE2E14EB}"
EndProject
Project("{FAE04EC0-301F-11D3-BF4B-00C04F79EFBC}") = "DPTestUWP", "DPTestUWP\DPTestUWP.csproj", "{7E80B2F2-DCA2-4846-AEC8-758DCE778E1F}"
EndProject
Global
	GlobalSection(SolutionConfigurationPlatforms) = preSolution
		Debug|Any CPU = Debug|Any CPU
		Debug|ARM = Debug|ARM
		Debug|x64 = Debug|x64
		Debug|x86 = Debug|x86
		Release|Any CPU = Release|Any CPU
		Release|ARM = Release|ARM
		Release|x64 = Release|x64
		Release|x86 = Release|x86
	EndGlobalSection
	GlobalSection(ProjectConfigurationPlatforms) = postSolution
		{4962CF68-9841-4375-816A-02D8EE2E14EB}.Debug|Any CPU.ActiveCfg = Debug|Any CPU
		{4962CF68-9841-4375-816A-02D8EE2E14EB}.Debug|Any CPU.Build.0 = Debug|Any CPU
		{4962CF68-9841-4375-816A-02D8EE2E14EB}.Debug|ARM.ActiveCfg = Debug|Any CPU
		{4962CF68-9841-4375-816A-02D8EE2E14EB}.Debug|ARM.Build.0 = Debug|Any CPU
		{4962CF68-9841-4375-816A-02D8EE2E14EB}.Debug|x64.ActiveCfg = Debug|Any CPU
		{4962CF68-9841-4375-816A-02D8EE2E14EB}.Debug|x64.Build.0 = Debug|Any CPU
		{4962CF68-9841-4375-816A-02D8EE2E14EB}.Debug|x86.ActiveCfg = Debug|Any CPU
		{4962CF68-9841-4375-816A-02D8EE2E14EB}.Debug|x86.Build.0 = Debug|Any CPU
		{4962CF68-9841-4375-816A-02D8EE2E14EB}.Release|Any CPU.ActiveCfg = Release|Any CPU
		{4962CF68-9841-4375-816A-02D8EE2E14EB}.Release|Any CPU.Build.0 = Release|Any CPU
		{4962CF68-9841-4375-816A-02D8EE2E14EB}.Release|ARM.ActiveCfg = Release|Any CPU
		{4962CF68-9841-4375-816A-02D8EE2E14EB}.Release|ARM.Build.0 = Release|Any CPU
		{4962CF68-9841-4375-816A-02D8EE2E14EB}.Release|x64.ActiveCfg = Release|Any CPU
		{4962CF68-9841-4375-816A-02D8EE2E14EB}.Release|x64.Build.0 = Release|Any CPU
		{4962CF68-9841-4375-816A-02D8EE2E14EB}.Release|x86.ActiveCfg = Release|Any CPU
		{4962CF68-9841-4375-816A-02D8EE2E14EB}.Release|x86.Build.0 = Release|Any CPU
		{7E80B2F2-DCA2-4846-AEC8-758DCE778E1F}.Debug|Any CPU.ActiveCfg = Debug|x86
		{7E80B2F2-DCA2-4846-AEC8-758DCE778E1F}.Debug|Any CPU.Build.0 = Debug|x86
		{7E80B2F2-DCA2-4846-AEC8-758DCE778E1F}.Debug|Any CPU.Deploy.0 = Debug|x86
		{7E80B2F2-DCA2-4846-AEC8-758DCE778E1F}.Debug|ARM.ActiveCfg = Debug|ARM
		{7E80B2F2-DCA2-4846-AEC8-758DCE778E1F}.Debug|ARM.Build.0 = Debug|ARM
		{7E80B2F2-DCA2-4846-AEC8-758DCE778E1F}.Debug|ARM.Deploy.0 = Debug|ARM
		{7E80B2F2-DCA2-4846-AEC8-758DCE778E1F}.Debug|x64.ActiveCfg = Debug|x64
		{7E80B2F2-DCA2-4846-AEC8-758DCE778E1F}.Debug|x64.Build.0 = Debug|x64
		{7E80B2F2-DCA2-4846-AEC8-758DCE778E1F}.Debug|x64.Deploy.0 = Debug|x64
		{7E80B2F2-DCA2-4846-AEC8-758DCE778E1F}.Debug|x86.ActiveCfg = Debug|x86
		{7E80B2F2-DCA2-4846-AEC8-758DCE778E1F}.Debug|x86.Build.0 = Debug|x86
		{7E80B2F2-DCA2-4846-AEC8-758DCE778E1F}.Debug|x86.Deploy.0 = Debug|x86
		{7E80B2F2-DCA2-4846-AEC8-758DCE778E1F}.Release|Any CPU.ActiveCfg = Release|x86
		{7E80B2F2-DCA2-4846-AEC8-758DCE778E1F}.Release|ARM.ActiveCfg = Release|ARM
		{7E80B2F2-DCA2-4846-AEC8-758DCE778E1F}.Release|ARM.Build.0 = Release|ARM
		{7E80B2F2-DCA2-4846-AEC8-758DCE778E1F}.Release|ARM.Deploy.0 = Release|ARM
		{7E80B2F2-DCA2-4846-AEC8-758DCE778E1F}.Release|x64.ActiveCfg = Release|x64
		{7E80B2F2-DCA2-4846-AEC8-758DCE778E1F}.Release|x64.Build.0 = Release|x64
		{7E80B2F2-DCA2-4846-AEC8-758DCE778E1F}.Release|x64.Deploy.0 = Release|x64
		{7E80B2F2-DCA2-4846-AEC8-758DCE778E1F}.Release|x86.ActiveCfg = Release|x86
		{7E80B2F2-DCA2-4846-AEC8-758DCE778E1F}.Release|x86.Build.0 = Release|x86
		{7E80B2F2-DCA2-4846-AEC8-758DCE778E1F}.Release|x86.Deploy.0 = Release|x86
	EndGlobalSection
	GlobalSection(SolutionProperties) = preSolution
		HideSolutionNode = FALSE
	EndGlobalSection
EndGlobal
